
Microsoft Visual Studio Solution File, Format Version 12.00
# Visual Studio Version 17
VisualStudioVersion = 17.11.35222.181
MinimumVisualStudioVersion = 10.0.40219.1
Project("{9A19103F-16F7-4668-BE54-9A1E7A4F7556}") = "Developing_a_Network_Application", "Developing_a_Network_Application.csproj", "{2AC324A2-E2B4-4D97-A545-8B30EFEDCF7F}"
EndProject
Project("{9A19103F-16F7-4668-BE54-9A1E7A4F7556}") = "dz1.1", "..\dz_1.1\dz1.1.csproj", "{AC59A4B0-3E5A-4897-85C3-4CDE59A97E9F}"
EndProject
Project("{9A19103F-16F7-4668-BE54-9A1E7A4F7556}") = "dz2.1", "..\dz2.1\dz2.1.csproj", "{45278E8B-B5BB-4B08-AF5D-B807F02B8AE1}"
EndProject
Project("{9A19103F-16F7-4668-BE54-9A1E7A4F7556}") = "dz3.1", "..\dz3.1\dz3.1.csproj", "{E3009E6F-FC62-4FA4-BDA1-385ED0D004D0}"
EndProject
Project("{9A19103F-16F7-4668-BE54-9A1E7A4F7556}") = "dz4.1", "..\dz4.1\dz4.1.csproj", "{1E6DED44-652E-4632-A3FC-5DB0AEAB8483}"
EndProject
Project("{9A19103F-16F7-4668-BE54-9A1E7A4F7556}") = "dz5._1", "..\dz5.1\dz5._1.csproj", "{546FBF60-FC48-4E2F-9038-F7B2450BB705}"
EndProject
Project("{9A19103F-16F7-4668-BE54-9A1E7A4F7556}") = "dz7.1", "..\dz7.1\dz7.1.csproj", "{2E1DE032-3440-45C0-990A-2046E9337B55}"
EndProject
Project("{9A19103F-16F7-4668-BE54-9A1E7A4F7556}") = "Lecture1.1_Server", "..\Lecture1.1\Lecture1.1_Server.csproj", "{613CAFD0-1841-4A5A-9CF5-B4FE55CA7A7B}"
EndProject
Project("{9A19103F-16F7-4668-BE54-9A1E7A4F7556}") = "Lecture1.1_Client", "..\Lecture1.1_Client\Lecture1.1_Client.csproj", "{F8A457D8-AA90-4E96-9BB0-95D0A4F0852C}"
EndProject
Project("{9A19103F-16F7-4668-BE54-9A1E7A4F7556}") = "Lecture1.2", "..\Lecture1.2\Lecture1.2.csproj", "{DFEDB38F-9D28-4864-8EFC-EF7112130E58}"
EndProject
Project("{9A19103F-16F7-4668-BE54-9A1E7A4F7556}") = "Lecture1.3_Client_Udp", "..\Lecture1.3_Client_Udp\Lecture1.3_Client_Udp.csproj", "{BEAFCC9C-5E70-43AE-92F3-D1BA2FA17CE1}"
EndProject
Project("{9A19103F-16F7-4668-BE54-9A1E7A4F7556}") = "Lecture1.3_Server_Udp", "..\Lecture1.3_Server_Udp\Lecture1.3_Server_Udp.csproj", "{CC5EA79F-80FB-494B-990C-0C2524A5367D}"
EndProject
Project("{9A19103F-16F7-4668-BE54-9A1E7A4F7556}") = "Lecture1.4_UdpClient", "..\Lecture1.4_UdpClient\Lecture1.4_UdpClient.csproj", "{915A6B67-BB0B-4193-BBB1-D1E98C7C0F90}"
EndProject
Project("{9A19103F-16F7-4668-BE54-9A1E7A4F7556}") = "Lecture1.5_Ping", "..\Ping\Lecture1.5_Ping.csproj", "{FF3BA092-1F88-4337-B22D-BCCA74D88A4D}"
EndProject
Project("{9A19103F-16F7-4668-BE54-9A1E7A4F7556}") = "Lecture1.6_Http", "..\Lecture1.6_Http\Lecture1.6_Http.csproj", "{6A4AB3C9-B12D-4FC4-AD9B-8FEBF1288501}"
EndProject
Project("{9A19103F-16F7-4668-BE54-9A1E7A4F7556}") = "Seminar1.1", "..\Seminar1.1\Seminar1.1.csproj", "{E6A5BA22-9BFA-4D76-84EE-5777B03EF5B3}"
EndProject
Project("{9A19103F-16F7-4668-BE54-9A1E7A4F7556}") = "Lecture2.1", "..\Lecture2.1\Lecture2.1.csproj", "{200E0E86-FEE6-4C48-AEBF-3E1092777467}"
EndProject
Project("{9A19103F-16F7-4668-BE54-9A1E7A4F7556}") = "Lecture2.1_ThreadPool", "..\Lecture2.1_ThreadPool\Lecture2.1_ThreadPool.csproj", "{82B62EBE-0281-4F46-9740-83AEAA37A94C}"
EndProject
Project("{9A19103F-16F7-4668-BE54-9A1E7A4F7556}") = "Lecture2.2", "..\Lecture2.2\Lecture2.2.csproj", "{3C456984-86EB-4B1C-9E7D-BFA37440B3AA}"
EndProject
Project("{9A19103F-16F7-4668-BE54-9A1E7A4F7556}") = "Seminar2.1", "..\Seminar2.1\Seminar2.1.csproj", "{1FF1A9F9-FD83-4D47-891A-782A976F32E6}"
EndProject
Project("{9A19103F-16F7-4668-BE54-9A1E7A4F7556}") = "Seminar2.2", "..\Seminar2.2\Seminar2.2.csproj", "{90FFEF5D-2C79-4184-8960-179579675640}"
EndProject
Project("{9A19103F-16F7-4668-BE54-9A1E7A4F7556}") = "Seminar2.3", "..\Seminar2.3\Seminar2.3.csproj", "{AEBAF70F-C42C-4917-BBA8-A66C1A4B64B8}"
EndProject
Project("{FAE04EC0-301F-11D3-BF4B-00C04F79EFBC}") = "Seminar3.1", "..\Seminar3.1\Seminar3.1.csproj", "{3A1B0048-1561-4660-B6AD-A78D2667014A}"
EndProject
Project("{FAE04EC0-301F-11D3-BF4B-00C04F79EFBC}") = "Seminar3.2", "..\Seminar3.2\Seminar3.2.csproj", "{4215765F-39CD-4F57-B496-0F285206CEEF}"
EndProject
Project("{FAE04EC0-301F-11D3-BF4B-00C04F79EFBC}") = "Seminar3.3", "..\Seminar3.3\Seminar3.3.csproj", "{EECBE338-9D1A-4C27-A0A5-65FF17C89420}"
EndProject
Project("{FAE04EC0-301F-11D3-BF4B-00C04F79EFBC}") = "Lecture4.1", "..\Lecture4.1\Lecture4.1.csproj", "{3B7CE061-2A0E-4E2E-A082-29211295AA02}"
EndProject
Project("{FAE04EC0-301F-11D3-BF4B-00C04F79EFBC}") = "Lecture4.3_Factory Method", "..\Lecture4.3_Factory Method\Lecture4.3_Factory Method.csproj", "{AB527C7B-8772-43B6-B4A7-7D8B47DC48FF}"
EndProject
Project("{FAE04EC0-301F-11D3-BF4B-00C04F79EFBC}") = "Lecture5.1_ADO.NET", "..\Lecture5.1\Lecture5.1_ADO.NET.csproj", "{731C923D-06B4-4045-A261-D2336A940793}"
EndProject
Project("{FAE04EC0-301F-11D3-BF4B-00C04F79EFBC}") = "Lecture5.2_EntityFramework", "..\Lecture5.2_EntityFramework\Lecture5.2_EntityFramework.csproj", "{5FD8990A-8A06-49A8-81A2-52C1E0F90019}"
EndProject
Project("{FAE04EC0-301F-11D3-BF4B-00C04F79EFBC}") = "Lecture5.3_DataBaseFirst", "..\Lecture5.3\Lecture5.3_DataBaseFirst.csproj", "{99E69DB0-7900-4D84-8BB9-D9599D982B74}"
EndProject
Project("{FAE04EC0-301F-11D3-BF4B-00C04F79EFBC}") = "Lecture5.4_CodeFirst", "..\Lecture5.4_CodeFirst\Lecture5.4_CodeFirst.csproj", "{B19D02F6-9FDE-43BF-AFB5-C24ED31A75FF}"
EndProject
Project("{FAE04EC0-301F-11D3-BF4B-00C04F79EFBC}") = "Seminar5.1", "..\Seminar5.1\Seminar5.1.csproj", "{55AC7157-DE0E-4FDA-88C3-FD8C654F32C6}"
EndProject
Project("{FAE04EC0-301F-11D3-BF4B-00C04F79EFBC}") = "Lecture6.1_xUnit", "..\Lecture6.1_xUnit\Lecture6.1_xUnit.csproj", "{41B71474-AFA6-4A4D-AFE4-43FCB14A04D9}"
EndProject
Project("{FAE04EC0-301F-11D3-BF4B-00C04F79EFBC}") = "Lecture6_MSTest", "..\MSTest1\Lecture6_MSTest.csproj", "{D0DEEC0F-FED5-4FB2-B491-1BBAB6315E5B}"
EndProject
Project("{FAE04EC0-301F-11D3-BF4B-00C04F79EFBC}") = "Lecture6_NUnit", "..\Lecture6_NUnit\Lecture6_NUnit.csproj", "{6927830D-66C1-4FD9-B006-09F4A063A0B7}"
EndProject
Project("{FAE04EC0-301F-11D3-BF4B-00C04F79EFBC}") = "Lecture6.1_xUnitTest", "..\Lecture6.1_xUnitTest\Lecture6.1_xUnitTest.csproj", "{D82E3591-E893-443B-9D3E-AF4E53A3DB0B}"
EndProject
Global
	GlobalSection(SolutionConfigurationPlatforms) = preSolution
		Debug|Any CPU = Debug|Any CPU
		Release|Any CPU = Release|Any CPU
	EndGlobalSection
	GlobalSection(ProjectConfigurationPlatforms) = postSolution
		{2AC324A2-E2B4-4D97-A545-8B30EFEDCF7F}.Debug|Any CPU.ActiveCfg = Debug|Any CPU
		{2AC324A2-E2B4-4D97-A545-8B30EFEDCF7F}.Debug|Any CPU.Build.0 = Debug|Any CPU
		{2AC324A2-E2B4-4D97-A545-8B30EFEDCF7F}.Release|Any CPU.ActiveCfg = Release|Any CPU
		{2AC324A2-E2B4-4D97-A545-8B30EFEDCF7F}.Release|Any CPU.Build.0 = Release|Any CPU
		{AC59A4B0-3E5A-4897-85C3-4CDE59A97E9F}.Debug|Any CPU.ActiveCfg = Debug|Any CPU
		{AC59A4B0-3E5A-4897-85C3-4CDE59A97E9F}.Debug|Any CPU.Build.0 = Debug|Any CPU
		{AC59A4B0-3E5A-4897-85C3-4CDE59A97E9F}.Release|Any CPU.ActiveCfg = Release|Any CPU
		{AC59A4B0-3E5A-4897-85C3-4CDE59A97E9F}.Release|Any CPU.Build.0 = Release|Any CPU
		{45278E8B-B5BB-4B08-AF5D-B807F02B8AE1}.Debug|Any CPU.ActiveCfg = Debug|Any CPU
		{45278E8B-B5BB-4B08-AF5D-B807F02B8AE1}.Debug|Any CPU.Build.0 = Debug|Any CPU
		{45278E8B-B5BB-4B08-AF5D-B807F02B8AE1}.Release|Any CPU.ActiveCfg = Release|Any CPU
		{45278E8B-B5BB-4B08-AF5D-B807F02B8AE1}.Release|Any CPU.Build.0 = Release|Any CPU
		{E3009E6F-FC62-4FA4-BDA1-385ED0D004D0}.Debug|Any CPU.ActiveCfg = Debug|Any CPU
		{E3009E6F-FC62-4FA4-BDA1-385ED0D004D0}.Debug|Any CPU.Build.0 = Debug|Any CPU
		{E3009E6F-FC62-4FA4-BDA1-385ED0D004D0}.Release|Any CPU.ActiveCfg = Release|Any CPU
		{E3009E6F-FC62-4FA4-BDA1-385ED0D004D0}.Release|Any CPU.Build.0 = Release|Any CPU
		{1E6DED44-652E-4632-A3FC-5DB0AEAB8483}.Debug|Any CPU.ActiveCfg = Debug|Any CPU
		{1E6DED44-652E-4632-A3FC-5DB0AEAB8483}.Debug|Any CPU.Build.0 = Debug|Any CPU
		{1E6DED44-652E-4632-A3FC-5DB0AEAB8483}.Release|Any CPU.ActiveCfg = Release|Any CPU
		{1E6DED44-652E-4632-A3FC-5DB0AEAB8483}.Release|Any CPU.Build.0 = Release|Any CPU
		{546FBF60-FC48-4E2F-9038-F7B2450BB705}.Debug|Any CPU.ActiveCfg = Debug|Any CPU
		{546FBF60-FC48-4E2F-9038-F7B2450BB705}.Debug|Any CPU.Build.0 = Debug|Any CPU
		{546FBF60-FC48-4E2F-9038-F7B2450BB705}.Release|Any CPU.ActiveCfg = Release|Any CPU
		{546FBF60-FC48-4E2F-9038-F7B2450BB705}.Release|Any CPU.Build.0 = Release|Any CPU
		{2E1DE032-3440-45C0-990A-2046E9337B55}.Debug|Any CPU.ActiveCfg = Debug|Any CPU
		{2E1DE032-3440-45C0-990A-2046E9337B55}.Debug|Any CPU.Build.0 = Debug|Any CPU
		{2E1DE032-3440-45C0-990A-2046E9337B55}.Release|Any CPU.ActiveCfg = Release|Any CPU
		{2E1DE032-3440-45C0-990A-2046E9337B55}.Release|Any CPU.Build.0 = Release|Any CPU
		{613CAFD0-1841-4A5A-9CF5-B4FE55CA7A7B}.Debug|Any CPU.ActiveCfg = Debug|Any CPU
		{613CAFD0-1841-4A5A-9CF5-B4FE55CA7A7B}.Debug|Any CPU.Build.0 = Debug|Any CPU
		{613CAFD0-1841-4A5A-9CF5-B4FE55CA7A7B}.Release|Any CPU.ActiveCfg = Release|Any CPU
		{613CAFD0-1841-4A5A-9CF5-B4FE55CA7A7B}.Release|Any CPU.Build.0 = Release|Any CPU
		{F8A457D8-AA90-4E96-9BB0-95D0A4F0852C}.Debug|Any CPU.ActiveCfg = Debug|Any CPU
		{F8A457D8-AA90-4E96-9BB0-95D0A4F0852C}.Debug|Any CPU.Build.0 = Debug|Any CPU
		{F8A457D8-AA90-4E96-9BB0-95D0A4F0852C}.Release|Any CPU.ActiveCfg = Release|Any CPU
		{F8A457D8-AA90-4E96-9BB0-95D0A4F0852C}.Release|Any CPU.Build.0 = Release|Any CPU
		{DFEDB38F-9D28-4864-8EFC-EF7112130E58}.Debug|Any CPU.ActiveCfg = Debug|Any CPU
		{DFEDB38F-9D28-4864-8EFC-EF7112130E58}.Debug|Any CPU.Build.0 = Debug|Any CPU
		{DFEDB38F-9D28-4864-8EFC-EF7112130E58}.Release|Any CPU.ActiveCfg = Release|Any CPU
		{DFEDB38F-9D28-4864-8EFC-EF7112130E58}.Release|Any CPU.Build.0 = Release|Any CPU
		{BEAFCC9C-5E70-43AE-92F3-D1BA2FA17CE1}.Debug|Any CPU.ActiveCfg = Debug|Any CPU
		{BEAFCC9C-5E70-43AE-92F3-D1BA2FA17CE1}.Debug|Any CPU.Build.0 = Debug|Any CPU
		{BEAFCC9C-5E70-43AE-92F3-D1BA2FA17CE1}.Release|Any CPU.ActiveCfg = Release|Any CPU
		{BEAFCC9C-5E70-43AE-92F3-D1BA2FA17CE1}.Release|Any CPU.Build.0 = Release|Any CPU
		{CC5EA79F-80FB-494B-990C-0C2524A5367D}.Debug|Any CPU.ActiveCfg = Debug|Any CPU
		{CC5EA79F-80FB-494B-990C-0C2524A5367D}.Debug|Any CPU.Build.0 = Debug|Any CPU
		{CC5EA79F-80FB-494B-990C-0C2524A5367D}.Release|Any CPU.ActiveCfg = Release|Any CPU
		{CC5EA79F-80FB-494B-990C-0C2524A5367D}.Release|Any CPU.Build.0 = Release|Any CPU
		{915A6B67-BB0B-4193-BBB1-D1E98C7C0F90}.Debug|Any CPU.ActiveCfg = Debug|Any CPU
		{915A6B67-BB0B-4193-BBB1-D1E98C7C0F90}.Debug|Any CPU.Build.0 = Debug|Any CPU
		{915A6B67-BB0B-4193-BBB1-D1E98C7C0F90}.Release|Any CPU.ActiveCfg = Release|Any CPU
		{915A6B67-BB0B-4193-BBB1-D1E98C7C0F90}.Release|Any CPU.Build.0 = Release|Any CPU
		{FF3BA092-1F88-4337-B22D-BCCA74D88A4D}.Debug|Any CPU.ActiveCfg = Debug|Any CPU
		{FF3BA092-1F88-4337-B22D-BCCA74D88A4D}.Debug|Any CPU.Build.0 = Debug|Any CPU
		{FF3BA092-1F88-4337-B22D-BCCA74D88A4D}.Release|Any CPU.ActiveCfg = Release|Any CPU
		{FF3BA092-1F88-4337-B22D-BCCA74D88A4D}.Release|Any CPU.Build.0 = Release|Any CPU
		{6A4AB3C9-B12D-4FC4-AD9B-8FEBF1288501}.Debug|Any CPU.ActiveCfg = Debug|Any CPU
		{6A4AB3C9-B12D-4FC4-AD9B-8FEBF1288501}.Debug|Any CPU.Build.0 = Debug|Any CPU
		{6A4AB3C9-B12D-4FC4-AD9B-8FEBF1288501}.Release|Any CPU.ActiveCfg = Release|Any CPU
		{6A4AB3C9-B12D-4FC4-AD9B-8FEBF1288501}.Release|Any CPU.Build.0 = Release|Any CPU
		{E6A5BA22-9BFA-4D76-84EE-5777B03EF5B3}.Debug|Any CPU.ActiveCfg = Debug|Any CPU
		{E6A5BA22-9BFA-4D76-84EE-5777B03EF5B3}.Debug|Any CPU.Build.0 = Debug|Any CPU
		{E6A5BA22-9BFA-4D76-84EE-5777B03EF5B3}.Release|Any CPU.ActiveCfg = Release|Any CPU
		{E6A5BA22-9BFA-4D76-84EE-5777B03EF5B3}.Release|Any CPU.Build.0 = Release|Any CPU
		{200E0E86-FEE6-4C48-AEBF-3E1092777467}.Debug|Any CPU.ActiveCfg = Debug|Any CPU
		{200E0E86-FEE6-4C48-AEBF-3E1092777467}.Debug|Any CPU.Build.0 = Debug|Any CPU
		{200E0E86-FEE6-4C48-AEBF-3E1092777467}.Release|Any CPU.ActiveCfg = Release|Any CPU
		{200E0E86-FEE6-4C48-AEBF-3E1092777467}.Release|Any CPU.Build.0 = Release|Any CPU
		{82B62EBE-0281-4F46-9740-83AEAA37A94C}.Debug|Any CPU.ActiveCfg = Debug|Any CPU
		{82B62EBE-0281-4F46-9740-83AEAA37A94C}.Debug|Any CPU.Build.0 = Debug|Any CPU
		{82B62EBE-0281-4F46-9740-83AEAA37A94C}.Release|Any CPU.ActiveCfg = Release|Any CPU
		{82B62EBE-0281-4F46-9740-83AEAA37A94C}.Release|Any CPU.Build.0 = Release|Any CPU
		{3C456984-86EB-4B1C-9E7D-BFA37440B3AA}.Debug|Any CPU.ActiveCfg = Debug|Any CPU
		{3C456984-86EB-4B1C-9E7D-BFA37440B3AA}.Debug|Any CPU.Build.0 = Debug|Any CPU
		{3C456984-86EB-4B1C-9E7D-BFA37440B3AA}.Release|Any CPU.ActiveCfg = Release|Any CPU
		{3C456984-86EB-4B1C-9E7D-BFA37440B3AA}.Release|Any CPU.Build.0 = Release|Any CPU
		{1FF1A9F9-FD83-4D47-891A-782A976F32E6}.Debug|Any CPU.ActiveCfg = Debug|Any CPU
		{1FF1A9F9-FD83-4D47-891A-782A976F32E6}.Debug|Any CPU.Build.0 = Debug|Any CPU
		{1FF1A9F9-FD83-4D47-891A-782A976F32E6}.Release|Any CPU.ActiveCfg = Release|Any CPU
		{1FF1A9F9-FD83-4D47-891A-782A976F32E6}.Release|Any CPU.Build.0 = Release|Any CPU
		{90FFEF5D-2C79-4184-8960-179579675640}.Debug|Any CPU.ActiveCfg = Debug|Any CPU
		{90FFEF5D-2C79-4184-8960-179579675640}.Debug|Any CPU.Build.0 = Debug|Any CPU
		{90FFEF5D-2C79-4184-8960-179579675640}.Release|Any CPU.ActiveCfg = Release|Any CPU
		{90FFEF5D-2C79-4184-8960-179579675640}.Release|Any CPU.Build.0 = Release|Any CPU
		{AEBAF70F-C42C-4917-BBA8-A66C1A4B64B8}.Debug|Any CPU.ActiveCfg = Debug|Any CPU
		{AEBAF70F-C42C-4917-BBA8-A66C1A4B64B8}.Debug|Any CPU.Build.0 = Debug|Any CPU
		{AEBAF70F-C42C-4917-BBA8-A66C1A4B64B8}.Release|Any CPU.ActiveCfg = Release|Any CPU
		{AEBAF70F-C42C-4917-BBA8-A66C1A4B64B8}.Release|Any CPU.Build.0 = Release|Any CPU
		{3A1B0048-1561-4660-B6AD-A78D2667014A}.Debug|Any CPU.ActiveCfg = Debug|Any CPU
		{3A1B0048-1561-4660-B6AD-A78D2667014A}.Debug|Any CPU.Build.0 = Debug|Any CPU
		{3A1B0048-1561-4660-B6AD-A78D2667014A}.Release|Any CPU.ActiveCfg = Release|Any CPU
		{3A1B0048-1561-4660-B6AD-A78D2667014A}.Release|Any CPU.Build.0 = Release|Any CPU
		{4215765F-39CD-4F57-B496-0F285206CEEF}.Debug|Any CPU.ActiveCfg = Debug|Any CPU
		{4215765F-39CD-4F57-B496-0F285206CEEF}.Debug|Any CPU.Build.0 = Debug|Any CPU
		{4215765F-39CD-4F57-B496-0F285206CEEF}.Release|Any CPU.ActiveCfg = Release|Any CPU
		{4215765F-39CD-4F57-B496-0F285206CEEF}.Release|Any CPU.Build.0 = Release|Any CPU
		{EECBE338-9D1A-4C27-A0A5-65FF17C89420}.Debug|Any CPU.ActiveCfg = Debug|Any CPU
		{EECBE338-9D1A-4C27-A0A5-65FF17C89420}.Debug|Any CPU.Build.0 = Debug|Any CPU
		{EECBE338-9D1A-4C27-A0A5-65FF17C89420}.Release|Any CPU.ActiveCfg = Release|Any CPU
		{EECBE338-9D1A-4C27-A0A5-65FF17C89420}.Release|Any CPU.Build.0 = Release|Any CPU
		{3B7CE061-2A0E-4E2E-A082-29211295AA02}.Debug|Any CPU.ActiveCfg = Debug|Any CPU
		{3B7CE061-2A0E-4E2E-A082-29211295AA02}.Debug|Any CPU.Build.0 = Debug|Any CPU
		{3B7CE061-2A0E-4E2E-A082-29211295AA02}.Release|Any CPU.ActiveCfg = Release|Any CPU
		{3B7CE061-2A0E-4E2E-A082-29211295AA02}.Release|Any CPU.Build.0 = Release|Any CPU
		{AB527C7B-8772-43B6-B4A7-7D8B47DC48FF}.Debug|Any CPU.ActiveCfg = Debug|Any CPU
		{AB527C7B-8772-43B6-B4A7-7D8B47DC48FF}.Debug|Any CPU.Build.0 = Debug|Any CPU
		{AB527C7B-8772-43B6-B4A7-7D8B47DC48FF}.Release|Any CPU.ActiveCfg = Release|Any CPU
		{AB527C7B-8772-43B6-B4A7-7D8B47DC48FF}.Release|Any CPU.Build.0 = Release|Any CPU
		{731C923D-06B4-4045-A261-D2336A940793}.Debug|Any CPU.ActiveCfg = Debug|Any CPU
		{731C923D-06B4-4045-A261-D2336A940793}.Debug|Any CPU.Build.0 = Debug|Any CPU
		{731C923D-06B4-4045-A261-D2336A940793}.Release|Any CPU.ActiveCfg = Release|Any CPU
		{731C923D-06B4-4045-A261-D2336A940793}.Release|Any CPU.Build.0 = Release|Any CPU
		{5FD8990A-8A06-49A8-81A2-52C1E0F90019}.Debug|Any CPU.ActiveCfg = Debug|Any CPU
		{5FD8990A-8A06-49A8-81A2-52C1E0F90019}.Debug|Any CPU.Build.0 = Debug|Any CPU
		{5FD8990A-8A06-49A8-81A2-52C1E0F90019}.Release|Any CPU.ActiveCfg = Release|Any CPU
		{5FD8990A-8A06-49A8-81A2-52C1E0F90019}.Release|Any CPU.Build.0 = Release|Any CPU
		{99E69DB0-7900-4D84-8BB9-D9599D982B74}.Debug|Any CPU.ActiveCfg = Debug|Any CPU
		{99E69DB0-7900-4D84-8BB9-D9599D982B74}.Debug|Any CPU.Build.0 = Debug|Any CPU
		{99E69DB0-7900-4D84-8BB9-D9599D982B74}.Release|Any CPU.ActiveCfg = Release|Any CPU
		{99E69DB0-7900-4D84-8BB9-D9599D982B74}.Release|Any CPU.Build.0 = Release|Any CPU
		{B19D02F6-9FDE-43BF-AFB5-C24ED31A75FF}.Debug|Any CPU.ActiveCfg = Debug|Any CPU
		{B19D02F6-9FDE-43BF-AFB5-C24ED31A75FF}.Debug|Any CPU.Build.0 = Debug|Any CPU
		{B19D02F6-9FDE-43BF-AFB5-C24ED31A75FF}.Release|Any CPU.ActiveCfg = Release|Any CPU
		{B19D02F6-9FDE-43BF-AFB5-C24ED31A75FF}.Release|Any CPU.Build.0 = Release|Any CPU
		{55AC7157-DE0E-4FDA-88C3-FD8C654F32C6}.Debug|Any CPU.ActiveCfg = Debug|Any CPU
		{55AC7157-DE0E-4FDA-88C3-FD8C654F32C6}.Debug|Any CPU.Build.0 = Debug|Any CPU
		{55AC7157-DE0E-4FDA-88C3-FD8C654F32C6}.Release|Any CPU.ActiveCfg = Release|Any CPU
		{55AC7157-DE0E-4FDA-88C3-FD8C654F32C6}.Release|Any CPU.Build.0 = Release|Any CPU
		{41B71474-AFA6-4A4D-AFE4-43FCB14A04D9}.Debug|Any CPU.ActiveCfg = Debug|Any CPU
		{41B71474-AFA6-4A4D-AFE4-43FCB14A04D9}.Debug|Any CPU.Build.0 = Debug|Any CPU
		{41B71474-AFA6-4A4D-AFE4-43FCB14A04D9}.Release|Any CPU.ActiveCfg = Release|Any CPU
		{41B71474-AFA6-4A4D-AFE4-43FCB14A04D9}.Release|Any CPU.Build.0 = Release|Any CPU
		{D0DEEC0F-FED5-4FB2-B491-1BBAB6315E5B}.Debug|Any CPU.ActiveCfg = Debug|Any CPU
		{D0DEEC0F-FED5-4FB2-B491-1BBAB6315E5B}.Debug|Any CPU.Build.0 = Debug|Any CPU
		{D0DEEC0F-FED5-4FB2-B491-1BBAB6315E5B}.Release|Any CPU.ActiveCfg = Release|Any CPU
		{D0DEEC0F-FED5-4FB2-B491-1BBAB6315E5B}.Release|Any CPU.Build.0 = Release|Any CPU
		{6927830D-66C1-4FD9-B006-09F4A063A0B7}.Debug|Any CPU.ActiveCfg = Debug|Any CPU
		{6927830D-66C1-4FD9-B006-09F4A063A0B7}.Debug|Any CPU.Build.0 = Debug|Any CPU
		{6927830D-66C1-4FD9-B006-09F4A063A0B7}.Release|Any CPU.ActiveCfg = Release|Any CPU
		{6927830D-66C1-4FD9-B006-09F4A063A0B7}.Release|Any CPU.Build.0 = Release|Any CPU
		{D82E3591-E893-443B-9D3E-AF4E53A3DB0B}.Debug|Any CPU.ActiveCfg = Debug|Any CPU
		{D82E3591-E893-443B-9D3E-AF4E53A3DB0B}.Debug|Any CPU.Build.0 = Debug|Any CPU
		{D82E3591-E893-443B-9D3E-AF4E53A3DB0B}.Release|Any CPU.ActiveCfg = Release|Any CPU
		{D82E3591-E893-443B-9D3E-AF4E53A3DB0B}.Release|Any CPU.Build.0 = Release|Any CPU
	EndGlobalSection
	GlobalSection(SolutionProperties) = preSolution
		HideSolutionNode = FALSE
	EndGlobalSection
	GlobalSection(ExtensibilityGlobals) = postSolution
		SolutionGuid = {26F4AF5F-6950-4FC7-B292-041A4B71F6FA}
	EndGlobalSection
EndGlobal
