
Microsoft Visual Studio Solution File, Format Version 12.00
# Visual Studio Version 17
VisualStudioVersion = 17.11.35222.181
MinimumVisualStudioVersion = 10.0.40219.1
Project("{9A19103F-16F7-4668-BE54-9A1E7A4F7556}") = "Developing_a_Network_Application", "Developing_a_Network_Application.csproj", "{2AC324A2-E2B4-4D97-A545-8B30EFEDCF7F}"
EndProject
Project("{9A19103F-16F7-4668-BE54-9A1E7A4F7556}") = "dz1.1", "..\dz_1.1\dz1.1.csproj", "{AC59A4B0-3E5A-4897-85C3-4CDE59A97E9F}"
EndProject
Project("{9A19103F-16F7-4668-BE54-9A1E7A4F7556}") = "dz2.1", "..\dz2.1\dz2.1.csproj", "{45278E8B-B5BB-4B08-AF5D-B807F02B8AE1}"
EndProject
Project("{9A19103F-16F7-4668-BE54-9A1E7A4F7556}") = "dz3.1", "..\dz3.1\dz3.1.csproj", "{E3009E6F-FC62-4FA4-BDA1-385ED0D004D0}"
EndProject
Project("{9A19103F-16F7-4668-BE54-9A1E7A4F7556}") = "dz4.1", "..\dz4.1\dz4.1.csproj", "{1E6DED44-652E-4632-A3FC-5DB0AEAB8483}"
EndProject
Project("{9A19103F-16F7-4668-BE54-9A1E7A4F7556}") = "dz5._1", "..\dz5.1\dz5._1.csproj", "{546FBF60-FC48-4E2F-9038-F7B2450BB705}"
EndProject
Project("{9A19103F-16F7-4668-BE54-9A1E7A4F7556}") = "dz7.1", "..\dz7.1\dz7.1.csproj", "{2E1DE032-3440-45C0-990A-2046E9337B55}"
EndProject
Project("{9A19103F-16F7-4668-BE54-9A1E7A4F7556}") = "Lecture1.1_Server", "..\Lecture1.1\Lecture1.1_Server.csproj", "{613CAFD0-1841-4A5A-9CF5-B4FE55CA7A7B}"
EndProject
Project("{9A19103F-16F7-4668-BE54-9A1E7A4F7556}") = "Lecture1.1_Client", "..\Lecture1.1_Client\Lecture1.1_Client.csproj", "{F8A457D8-AA90-4E96-9BB0-95D0A4F0852C}"
EndProject
Project("{9A19103F-16F7-4668-BE54-9A1E7A4F7556}") = "Lecture1.2", "..\Lecture1.2\Lecture1.2.csproj", "{DFEDB38F-9D28-4864-8EFC-EF7112130E58}"
EndProject
Project("{9A19103F-16F7-4668-BE54-9A1E7A4F7556}") = "Lecture1.3_Client_Udp", "..\Lecture1.3_Client_Udp\Lecture1.3_Client_Udp.csproj", "{BEAFCC9C-5E70-43AE-92F3-D1BA2FA17CE1}"
EndProject
Project("{FAE04EC0-301F-11D3-BF4B-00C04F79EFBC}") = "Lecture1.3_Server_Udp", "..\Lecture1.3_Server_Udp\Lecture1.3_Server_Udp.csproj", "{CC5EA79F-80FB-494B-990C-0C2524A5367D}"
EndProject
Project("{FAE04EC0-301F-11D3-BF4B-00C04F79EFBC}") = "Lecture1.4_UdpClient", "..\Lecture1.4_UdpClient\Lecture1.4_UdpClient.csproj", "{915A6B67-BB0B-4193-BBB1-D1E98C7C0F90}"
EndProject
Project("{FAE04EC0-301F-11D3-BF4B-00C04F79EFBC}") = "Lecture1.5_Ping", "..\Ping\Lecture1.5_Ping.csproj", "{FF3BA092-1F88-4337-B22D-BCCA74D88A4D}"
EndProject
Project("{FAE04EC0-301F-11D3-BF4B-00C04F79EFBC}") = "Lecture1.6_Http", "..\Lecture1.6_Http\Lecture1.6_Http.csproj", "{6A4AB3C9-B12D-4FC4-AD9B-8FEBF1288501}"
EndProject
Global
	GlobalSection(SolutionConfigurationPlatforms) = preSolution
		Debug|Any CPU = Debug|Any CPU
		Release|Any CPU = Release|Any CPU
	EndGlobalSection
	GlobalSection(ProjectConfigurationPlatforms) = postSolution
		{2AC324A2-E2B4-4D97-A545-8B30EFEDCF7F}.Debug|Any CPU.ActiveCfg = Debug|Any CPU
		{2AC324A2-E2B4-4D97-A545-8B30EFEDCF7F}.Debug|Any CPU.Build.0 = Debug|Any CPU
		{2AC324A2-E2B4-4D97-A545-8B30EFEDCF7F}.Release|Any CPU.ActiveCfg = Release|Any CPU
		{2AC324A2-E2B4-4D97-A545-8B30EFEDCF7F}.Release|Any CPU.Build.0 = Release|Any CPU
		{AC59A4B0-3E5A-4897-85C3-4CDE59A97E9F}.Debug|Any CPU.ActiveCfg = Debug|Any CPU
		{AC59A4B0-3E5A-4897-85C3-4CDE59A97E9F}.Debug|Any CPU.Build.0 = Debug|Any CPU
		{AC59A4B0-3E5A-4897-85C3-4CDE59A97E9F}.Release|Any CPU.ActiveCfg = Release|Any CPU
		{AC59A4B0-3E5A-4897-85C3-4CDE59A97E9F}.Release|Any CPU.Build.0 = Release|Any CPU
		{45278E8B-B5BB-4B08-AF5D-B807F02B8AE1}.Debug|Any CPU.ActiveCfg = Debug|Any CPU
		{45278E8B-B5BB-4B08-AF5D-B807F02B8AE1}.Debug|Any CPU.Build.0 = Debug|Any CPU
		{45278E8B-B5BB-4B08-AF5D-B807F02B8AE1}.Release|Any CPU.ActiveCfg = Release|Any CPU
		{45278E8B-B5BB-4B08-AF5D-B807F02B8AE1}.Release|Any CPU.Build.0 = Release|Any CPU
		{E3009E6F-FC62-4FA4-BDA1-385ED0D004D0}.Debug|Any CPU.ActiveCfg = Debug|Any CPU
		{E3009E6F-FC62-4FA4-BDA1-385ED0D004D0}.Debug|Any CPU.Build.0 = Debug|Any CPU
		{E3009E6F-FC62-4FA4-BDA1-385ED0D004D0}.Release|Any CPU.ActiveCfg = Release|Any CPU
		{E3009E6F-FC62-4FA4-BDA1-385ED0D004D0}.Release|Any CPU.Build.0 = Release|Any CPU
		{1E6DED44-652E-4632-A3FC-5DB0AEAB8483}.Debug|Any CPU.ActiveCfg = Debug|Any CPU
		{1E6DED44-652E-4632-A3FC-5DB0AEAB8483}.Debug|Any CPU.Build.0 = Debug|Any CPU
		{1E6DED44-652E-4632-A3FC-5DB0AEAB8483}.Release|Any CPU.ActiveCfg = Release|Any CPU
		{1E6DED44-652E-4632-A3FC-5DB0AEAB8483}.Release|Any CPU.Build.0 = Release|Any CPU
		{546FBF60-FC48-4E2F-9038-F7B2450BB705}.Debug|Any CPU.ActiveCfg = Debug|Any CPU
		{546FBF60-FC48-4E2F-9038-F7B2450BB705}.Debug|Any CPU.Build.0 = Debug|Any CPU
		{546FBF60-FC48-4E2F-9038-F7B2450BB705}.Release|Any CPU.ActiveCfg = Release|Any CPU
		{546FBF60-FC48-4E2F-9038-F7B2450BB705}.Release|Any CPU.Build.0 = Release|Any CPU
		{2E1DE032-3440-45C0-990A-2046E9337B55}.Debug|Any CPU.ActiveCfg = Debug|Any CPU
		{2E1DE032-3440-45C0-990A-2046E9337B55}.Debug|Any CPU.Build.0 = Debug|Any CPU
		{2E1DE032-3440-45C0-990A-2046E9337B55}.Release|Any CPU.ActiveCfg = Release|Any CPU
		{2E1DE032-3440-45C0-990A-2046E9337B55}.Release|Any CPU.Build.0 = Release|Any CPU
		{613CAFD0-1841-4A5A-9CF5-B4FE55CA7A7B}.Debug|Any CPU.ActiveCfg = Debug|Any CPU
		{613CAFD0-1841-4A5A-9CF5-B4FE55CA7A7B}.Debug|Any CPU.Build.0 = Debug|Any CPU
		{613CAFD0-1841-4A5A-9CF5-B4FE55CA7A7B}.Release|Any CPU.ActiveCfg = Release|Any CPU
		{613CAFD0-1841-4A5A-9CF5-B4FE55CA7A7B}.Release|Any CPU.Build.0 = Release|Any CPU
		{F8A457D8-AA90-4E96-9BB0-95D0A4F0852C}.Debug|Any CPU.ActiveCfg = Debug|Any CPU
		{F8A457D8-AA90-4E96-9BB0-95D0A4F0852C}.Debug|Any CPU.Build.0 = Debug|Any CPU
		{F8A457D8-AA90-4E96-9BB0-95D0A4F0852C}.Release|Any CPU.ActiveCfg = Release|Any CPU
		{F8A457D8-AA90-4E96-9BB0-95D0A4F0852C}.Release|Any CPU.Build.0 = Release|Any CPU
		{DFEDB38F-9D28-4864-8EFC-EF7112130E58}.Debug|Any CPU.ActiveCfg = Debug|Any CPU
		{DFEDB38F-9D28-4864-8EFC-EF7112130E58}.Debug|Any CPU.Build.0 = Debug|Any CPU
		{DFEDB38F-9D28-4864-8EFC-EF7112130E58}.Release|Any CPU.ActiveCfg = Release|Any CPU
		{DFEDB38F-9D28-4864-8EFC-EF7112130E58}.Release|Any CPU.Build.0 = Release|Any CPU
		{BEAFCC9C-5E70-43AE-92F3-D1BA2FA17CE1}.Debug|Any CPU.ActiveCfg = Debug|Any CPU
		{BEAFCC9C-5E70-43AE-92F3-D1BA2FA17CE1}.Debug|Any CPU.Build.0 = Debug|Any CPU
		{BEAFCC9C-5E70-43AE-92F3-D1BA2FA17CE1}.Release|Any CPU.ActiveCfg = Release|Any CPU
		{BEAFCC9C-5E70-43AE-92F3-D1BA2FA17CE1}.Release|Any CPU.Build.0 = Release|Any CPU
		{CC5EA79F-80FB-494B-990C-0C2524A5367D}.Debug|Any CPU.ActiveCfg = Debug|Any CPU
		{CC5EA79F-80FB-494B-990C-0C2524A5367D}.Debug|Any CPU.Build.0 = Debug|Any CPU
		{CC5EA79F-80FB-494B-990C-0C2524A5367D}.Release|Any CPU.ActiveCfg = Release|Any CPU
		{CC5EA79F-80FB-494B-990C-0C2524A5367D}.Release|Any CPU.Build.0 = Release|Any CPU
		{915A6B67-BB0B-4193-BBB1-D1E98C7C0F90}.Debug|Any CPU.ActiveCfg = Debug|Any CPU
		{915A6B67-BB0B-4193-BBB1-D1E98C7C0F90}.Debug|Any CPU.Build.0 = Debug|Any CPU
		{915A6B67-BB0B-4193-BBB1-D1E98C7C0F90}.Release|Any CPU.ActiveCfg = Release|Any CPU
		{915A6B67-BB0B-4193-BBB1-D1E98C7C0F90}.Release|Any CPU.Build.0 = Release|Any CPU
		{FF3BA092-1F88-4337-B22D-BCCA74D88A4D}.Debug|Any CPU.ActiveCfg = Debug|Any CPU
		{FF3BA092-1F88-4337-B22D-BCCA74D88A4D}.Debug|Any CPU.Build.0 = Debug|Any CPU
		{FF3BA092-1F88-4337-B22D-BCCA74D88A4D}.Release|Any CPU.ActiveCfg = Release|Any CPU
		{FF3BA092-1F88-4337-B22D-BCCA74D88A4D}.Release|Any CPU.Build.0 = Release|Any CPU
		{6A4AB3C9-B12D-4FC4-AD9B-8FEBF1288501}.Debug|Any CPU.ActiveCfg = Debug|Any CPU
		{6A4AB3C9-B12D-4FC4-AD9B-8FEBF1288501}.Debug|Any CPU.Build.0 = Debug|Any CPU
		{6A4AB3C9-B12D-4FC4-AD9B-8FEBF1288501}.Release|Any CPU.ActiveCfg = Release|Any CPU
		{6A4AB3C9-B12D-4FC4-AD9B-8FEBF1288501}.Release|Any CPU.Build.0 = Release|Any CPU
	EndGlobalSection
	GlobalSection(SolutionProperties) = preSolution
		HideSolutionNode = FALSE
	EndGlobalSection
	GlobalSection(ExtensibilityGlobals) = postSolution
		SolutionGuid = {26F4AF5F-6950-4FC7-B292-041A4B71F6FA}
	EndGlobalSection
EndGlobal
